
Microsoft Visual Studio Solution File, Format Version 12.00
# Visual Studio Version 17
VisualStudioVersion = 17.1.32319.34
MinimumVisualStudioVersion = 10.0.40219.1
Project("{9A19103F-16F7-4668-BE54-9A1E7A4F7556}") = "BBS_Wittlich.Weatherstation.Data", "BBS_Wittlich.Weatherstation.Data.Repositories\BBS_Wittlich.Weatherstation.Data.csproj", "{A15A94CF-20D4-4F2D-A974-2924B1169493}"
EndProject
Project("{9A19103F-16F7-4668-BE54-9A1E7A4F7556}") = "BBS_Wittlich.Weatherstation.Server", "BBS_Wittlich.Weatherstation.Server\BBS_Wittlich.Weatherstation.Server.csproj", "{71C96242-CCDC-41E1-90B7-4DB75A5A6B01}"
EndProject
Global
	GlobalSection(SolutionConfigurationPlatforms) = preSolution
		Debug|Any CPU = Debug|Any CPU
		Release|Any CPU = Release|Any CPU
	EndGlobalSection
	GlobalSection(ProjectConfigurationPlatforms) = postSolution
		{A15A94CF-20D4-4F2D-A974-2924B1169493}.Debug|Any CPU.ActiveCfg = Debug|Any CPU
		{A15A94CF-20D4-4F2D-A974-2924B1169493}.Debug|Any CPU.Build.0 = Debug|Any CPU
		{A15A94CF-20D4-4F2D-A974-2924B1169493}.Release|Any CPU.ActiveCfg = Release|Any CPU
		{A15A94CF-20D4-4F2D-A974-2924B1169493}.Release|Any CPU.Build.0 = Release|Any CPU
		{71C96242-CCDC-41E1-90B7-4DB75A5A6B01}.Debug|Any CPU.ActiveCfg = Debug|Any CPU
		{71C96242-CCDC-41E1-90B7-4DB75A5A6B01}.Debug|Any CPU.Build.0 = Debug|Any CPU
		{71C96242-CCDC-41E1-90B7-4DB75A5A6B01}.Release|Any CPU.ActiveCfg = Release|Any CPU
		{71C96242-CCDC-41E1-90B7-4DB75A5A6B01}.Release|Any CPU.Build.0 = Release|Any CPU
	EndGlobalSection
	GlobalSection(SolutionProperties) = preSolution
		HideSolutionNode = FALSE
	EndGlobalSection
	GlobalSection(ExtensibilityGlobals) = postSolution
		SolutionGuid = {0604347A-A77A-44B5-8E96-1D1BA53BF293}
	EndGlobalSection
EndGlobal
