
Microsoft Visual Studio Solution File, Format Version 12.00
# Visual Studio Version 17
VisualStudioVersion = 17.0.32126.317
MinimumVisualStudioVersion = 10.0.40219.1
Project("{9A19103F-16F7-4668-BE54-9A1E7A4F7556}") = "Weatherstation.Server", "BBS_Weatherstation\Weatherstation.Server.csproj", "{05DE52AE-0D78-4D08-AA7C-40FAF6043CC2}"
EndProject
Project("{9A19103F-16F7-4668-BE54-9A1E7A4F7556}") = "Weatherstation.Data.Lib", "WeatherstationLib\Weatherstation.Data.Lib.csproj", "{5CC67C1D-6514-4DC2-BEEA-9E15DDF6442E}"
EndProject
Project("{9A19103F-16F7-4668-BE54-9A1E7A4F7556}") = "Weatherstation.Data.EFLib", "WeatherstationEFLib\Weatherstation.Data.EFLib.csproj", "{663F28FA-2B4B-4C8C-B0CD-F289C4928396}"
EndProject
Project("{FAE04EC0-301F-11D3-BF4B-00C04F79EFBC}") = "Weatherstation.Data", "Weatherstation.Data\Weatherstation.Data.csproj", "{C3F8E198-60B8-453E-A8CF-67E819C8D0D4}"
EndProject
Project("{FAE04EC0-301F-11D3-BF4B-00C04F79EFBC}") = "Weatherstation.UI", "Weatherstation.UI\Weatherstation.UI.csproj", "{A3C430BD-513B-4344-8A36-D864D10B8213}"
EndProject
Global
	GlobalSection(SolutionConfigurationPlatforms) = preSolution
		Debug|Any CPU = Debug|Any CPU
		Release|Any CPU = Release|Any CPU
	EndGlobalSection
	GlobalSection(ProjectConfigurationPlatforms) = postSolution
		{05DE52AE-0D78-4D08-AA7C-40FAF6043CC2}.Debug|Any CPU.ActiveCfg = Debug|Any CPU
		{05DE52AE-0D78-4D08-AA7C-40FAF6043CC2}.Debug|Any CPU.Build.0 = Debug|Any CPU
		{05DE52AE-0D78-4D08-AA7C-40FAF6043CC2}.Release|Any CPU.ActiveCfg = Release|Any CPU
		{05DE52AE-0D78-4D08-AA7C-40FAF6043CC2}.Release|Any CPU.Build.0 = Release|Any CPU
		{5CC67C1D-6514-4DC2-BEEA-9E15DDF6442E}.Debug|Any CPU.ActiveCfg = Debug|Any CPU
		{5CC67C1D-6514-4DC2-BEEA-9E15DDF6442E}.Debug|Any CPU.Build.0 = Debug|Any CPU
		{5CC67C1D-6514-4DC2-BEEA-9E15DDF6442E}.Release|Any CPU.ActiveCfg = Release|Any CPU
		{5CC67C1D-6514-4DC2-BEEA-9E15DDF6442E}.Release|Any CPU.Build.0 = Release|Any CPU
		{663F28FA-2B4B-4C8C-B0CD-F289C4928396}.Debug|Any CPU.ActiveCfg = Debug|Any CPU
		{663F28FA-2B4B-4C8C-B0CD-F289C4928396}.Debug|Any CPU.Build.0 = Debug|Any CPU
		{663F28FA-2B4B-4C8C-B0CD-F289C4928396}.Release|Any CPU.ActiveCfg = Release|Any CPU
		{663F28FA-2B4B-4C8C-B0CD-F289C4928396}.Release|Any CPU.Build.0 = Release|Any CPU
		{C3F8E198-60B8-453E-A8CF-67E819C8D0D4}.Debug|Any CPU.ActiveCfg = Debug|Any CPU
		{C3F8E198-60B8-453E-A8CF-67E819C8D0D4}.Debug|Any CPU.Build.0 = Debug|Any CPU
		{C3F8E198-60B8-453E-A8CF-67E819C8D0D4}.Release|Any CPU.ActiveCfg = Release|Any CPU
		{C3F8E198-60B8-453E-A8CF-67E819C8D0D4}.Release|Any CPU.Build.0 = Release|Any CPU
		{A3C430BD-513B-4344-8A36-D864D10B8213}.Debug|Any CPU.ActiveCfg = Debug|Any CPU
		{A3C430BD-513B-4344-8A36-D864D10B8213}.Debug|Any CPU.Build.0 = Debug|Any CPU
		{A3C430BD-513B-4344-8A36-D864D10B8213}.Release|Any CPU.ActiveCfg = Release|Any CPU
		{A3C430BD-513B-4344-8A36-D864D10B8213}.Release|Any CPU.Build.0 = Release|Any CPU
	EndGlobalSection
	GlobalSection(SolutionProperties) = preSolution
		HideSolutionNode = FALSE
	EndGlobalSection
	GlobalSection(ExtensibilityGlobals) = postSolution
		SolutionGuid = {CDB863F2-0192-4E6D-9636-C7AD6A8FDECA}
	EndGlobalSection
EndGlobal
